
Microsoft Visual Studio Solution File, Format Version 12.00
# Visual Studio Version 16
VisualStudioVersion = 16.0.31729.503
MinimumVisualStudioVersion = 10.0.40219.1
Project("{9A19103F-16F7-4668-BE54-9A1E7A4F7556}") = "Vending_Machine", "Vending_Machine\Vending_Machine.csproj", "{E32DB1E2-A8F5-4797-8DDE-AE239AA12B5A}"
EndProject
Project("{FAE04EC0-301F-11D3-BF4B-00C04F79EFBC}") = "Vending_MachineTests", "Vending_MachineTests\Vending_MachineTests.csproj", "{1B704DF9-F1EF-48A7-A66B-11A127DE0215}"
EndProject
Global
	GlobalSection(SolutionConfigurationPlatforms) = preSolution
		Debug|Any CPU = Debug|Any CPU
		Release|Any CPU = Release|Any CPU
	EndGlobalSection
	GlobalSection(ProjectConfigurationPlatforms) = postSolution
		{E32DB1E2-A8F5-4797-8DDE-AE239AA12B5A}.Debug|Any CPU.ActiveCfg = Debug|Any CPU
		{E32DB1E2-A8F5-4797-8DDE-AE239AA12B5A}.Debug|Any CPU.Build.0 = Debug|Any CPU
		{E32DB1E2-A8F5-4797-8DDE-AE239AA12B5A}.Release|Any CPU.ActiveCfg = Release|Any CPU
		{E32DB1E2-A8F5-4797-8DDE-AE239AA12B5A}.Release|Any CPU.Build.0 = Release|Any CPU
		{1B704DF9-F1EF-48A7-A66B-11A127DE0215}.Debug|Any CPU.ActiveCfg = Debug|Any CPU
		{1B704DF9-F1EF-48A7-A66B-11A127DE0215}.Debug|Any CPU.Build.0 = Debug|Any CPU
		{1B704DF9-F1EF-48A7-A66B-11A127DE0215}.Release|Any CPU.ActiveCfg = Release|Any CPU
		{1B704DF9-F1EF-48A7-A66B-11A127DE0215}.Release|Any CPU.Build.0 = Release|Any CPU
	EndGlobalSection
	GlobalSection(SolutionProperties) = preSolution
		HideSolutionNode = FALSE
	EndGlobalSection
	GlobalSection(ExtensibilityGlobals) = postSolution
		SolutionGuid = {F24AC8DF-AD53-4E91-81BF-41193EE2FF0F}
	EndGlobalSection
EndGlobal
